
Microsoft Visual Studio Solution File, Format Version 12.00
# Visual Studio Version 17
VisualStudioVersion = 17.14.36414.22 d17.14
MinimumVisualStudioVersion = 10.0.40219.1
Project("{FAE04EC0-301F-11D3-BF4B-00C04F79EFBC}") = "WindowsFormsApp1", "WindowsFormsApp1\WindowsFormsApp1.csproj", "{FCE9B321-FC8B-497E-A78D-92C1B598EB5B}"
EndProject
Global
	GlobalSection(SolutionConfigurationPlatforms) = preSolution
		Debug|Any CPU = Debug|Any CPU
		Release|Any CPU = Release|Any CPU
	EndGlobalSection
	GlobalSection(ProjectConfigurationPlatforms) = postSolution
		{FCE9B321-FC8B-497E-A78D-92C1B598EB5B}.Debug|Any CPU.ActiveCfg = Debug|Any CPU
		{FCE9B321-FC8B-497E-A78D-92C1B598EB5B}.Debug|Any CPU.Build.0 = Debug|Any CPU
		{FCE9B321-FC8B-497E-A78D-92C1B598EB5B}.Release|Any CPU.ActiveCfg = Release|Any CPU
		{FCE9B321-FC8B-497E-A78D-92C1B598EB5B}.Release|Any CPU.Build.0 = Release|Any CPU
	EndGlobalSection
	GlobalSection(SolutionProperties) = preSolution
		HideSolutionNode = FALSE
	EndGlobalSection
	GlobalSection(ExtensibilityGlobals) = postSolution
		SolutionGuid = {B5A7FBB9-59A4-4739-8379-FAB54D1789CF}
	EndGlobalSection
EndGlobal
